
Microsoft Visual Studio Solution File, Format Version 12.00
# Visual Studio Version 16
VisualStudioVersion = 16.0.29411.108
MinimumVisualStudioVersion = 10.0.40219.1
Project("{FAE04EC0-301F-11D3-BF4B-00C04F79EFBC}") = "Accenture", "Accenture\Accenture.csproj", "{1B33ECE6-E439-4DD6-B348-854DF95CD462}"
EndProject
Global
	GlobalSection(SolutionConfigurationPlatforms) = preSolution
		Debug|Any CPU = Debug|Any CPU
		Release|Any CPU = Release|Any CPU
	EndGlobalSection
	GlobalSection(ProjectConfigurationPlatforms) = postSolution
		{1B33ECE6-E439-4DD6-B348-854DF95CD462}.Debug|Any CPU.ActiveCfg = Debug|Any CPU
		{1B33ECE6-E439-4DD6-B348-854DF95CD462}.Debug|Any CPU.Build.0 = Debug|Any CPU
		{1B33ECE6-E439-4DD6-B348-854DF95CD462}.Release|Any CPU.ActiveCfg = Release|Any CPU
		{1B33ECE6-E439-4DD6-B348-854DF95CD462}.Release|Any CPU.Build.0 = Release|Any CPU
	EndGlobalSection
	GlobalSection(SolutionProperties) = preSolution
		HideSolutionNode = FALSE
	EndGlobalSection
	GlobalSection(ExtensibilityGlobals) = postSolution
		SolutionGuid = {E7DB2427-BE00-4DE1-89F9-9D5FCB711B04}
	EndGlobalSection
EndGlobal
